
Microsoft Visual Studio Solution File, Format Version 12.00
# Visual Studio Version 17
VisualStudioVersion = 17.2.32516.85
MinimumVisualStudioVersion = 10.0.40219.1
Project("{9092AA53-FB77-4645-B42D-1CCCA6BD08BD}") = "BTS Bot", "BTS Bot.njsproj", "{FC1C70F9-5348-44E8-AE23-A75C24E74559}"
EndProject
Global
	GlobalSection(SolutionConfigurationPlatforms) = preSolution
		Debug|Any CPU = Debug|Any CPU
		Debug|x86 = Debug|x86
		Release|Any CPU = Release|Any CPU
		Release|x86 = Release|x86
	EndGlobalSection
	GlobalSection(ProjectConfigurationPlatforms) = postSolution
		{FC1C70F9-5348-44E8-AE23-A75C24E74559}.Debug|Any CPU.ActiveCfg = Release|Any CPU
		{FC1C70F9-5348-44E8-AE23-A75C24E74559}.Debug|Any CPU.Build.0 = Release|Any CPU
		{FC1C70F9-5348-44E8-AE23-A75C24E74559}.Debug|x86.ActiveCfg = Debug|Any CPU
		{FC1C70F9-5348-44E8-AE23-A75C24E74559}.Debug|x86.Build.0 = Debug|Any CPU
		{FC1C70F9-5348-44E8-AE23-A75C24E74559}.Release|Any CPU.ActiveCfg = Release|Any CPU
		{FC1C70F9-5348-44E8-AE23-A75C24E74559}.Release|Any CPU.Build.0 = Release|Any CPU
		{FC1C70F9-5348-44E8-AE23-A75C24E74559}.Release|x86.ActiveCfg = Release|Any CPU
		{FC1C70F9-5348-44E8-AE23-A75C24E74559}.Release|x86.Build.0 = Release|Any CPU
	EndGlobalSection
	GlobalSection(SolutionProperties) = preSolution
		HideSolutionNode = FALSE
	EndGlobalSection
	GlobalSection(ExtensibilityGlobals) = postSolution
		SolutionGuid = {9C5A7148-8409-40C0-B919-F8646236C5EF}
	EndGlobalSection
EndGlobal
